{
  "nodes": {
    "flake-utils": {
      "inputs": {
        "systems": [
          "systems"
        ]
      },
      "locked": {
        "lastModified": 1705309234,
        "narHash": "sha256-uNRRNRKmJyCRC/8y1RqBkqWBLM034y4qN7EprSdmgyA=",
        "owner": "numtide",
        "repo": "flake-utils",
        "rev": "1ef2e671c3b0c19053962c07dbda38332dcebf26",
        "type": "github"
      },
      "original": {
        "owner": "numtide",
        "repo": "flake-utils",
        "type": "github"
      }
    },
    "nixpkgs": {
      "locked": {
        "lastModified": 1706966609,
        "narHash": "sha256-+pBwpx+wVyh2PtO1vAYi0iAFPa1WJTs0rl0Fch9WuN0=",
        "owner": "NixOS",
        "repo": "nixpkgs",
        "rev": "88e3ac79cb08011d02518df0bd29b0ad8ed5372c",
        "type": "github"
      },
      "original": {
        "owner": "NixOS",
        "ref": "master",
        "repo": "nixpkgs",
        "type": "github"
      }
    },
    "root": {
      "inputs": {
        "flake-utils": "flake-utils",
        "nixpkgs": "nixpkgs",
        "systems": "systems"
      }
    },
    "systems": {
      "locked": {
        "lastModified": 1680978846,
        "narHash": "sha256-Gtqg8b/v49BFDpDetjclCYXm8mAnTrUzR0JnE2nv5aw=",
        "owner": "nix-systems",
        "repo": "x86_64-linux",
        "rev": "2ecfcac5e15790ba6ce360ceccddb15ad16d08a8",
        "type": "github"
      },
      "original": {
        "owner": "nix-systems",
        "repo": "x86_64-linux",
        "type": "github"
      }
    }
  },
  "root": "root",
  "version": 7
}
